
Microsoft Visual Studio Solution File, Format Version 12.00
# Visual Studio Version 16
VisualStudioVersion = 16.0.30114.105
MinimumVisualStudioVersion = 10.0.40219.1
Project("{FAE04EC0-301F-11D3-BF4B-00C04F79EFBC}") = "API", "API\API.csproj", "{D412B2E6-3FC0-4D38-AF72-0FF3197C4AE6}"
EndProject
Project("{FAE04EC0-301F-11D3-BF4B-00C04F79EFBC}") = "Core", "Core\Core.csproj", "{DD095A85-CC4C-489D-966D-76453E25843A}"
EndProject
Project("{FAE04EC0-301F-11D3-BF4B-00C04F79EFBC}") = "Infrastructure", "Infrastructure\Infrastructure.csproj", "{DED172A5-96B9-4336-B8FB-18C4517BF3E3}"
EndProject
Global
	GlobalSection(SolutionConfigurationPlatforms) = preSolution
		Debug|Any CPU = Debug|Any CPU
		Debug|x64 = Debug|x64
		Debug|x86 = Debug|x86
		Release|Any CPU = Release|Any CPU
		Release|x64 = Release|x64
		Release|x86 = Release|x86
	EndGlobalSection
	GlobalSection(SolutionProperties) = preSolution
		HideSolutionNode = FALSE
	EndGlobalSection
	GlobalSection(ProjectConfigurationPlatforms) = postSolution
		{D412B2E6-3FC0-4D38-AF72-0FF3197C4AE6}.Debug|Any CPU.ActiveCfg = Debug|Any CPU
		{D412B2E6-3FC0-4D38-AF72-0FF3197C4AE6}.Debug|Any CPU.Build.0 = Debug|Any CPU
		{D412B2E6-3FC0-4D38-AF72-0FF3197C4AE6}.Debug|x64.ActiveCfg = Debug|Any CPU
		{D412B2E6-3FC0-4D38-AF72-0FF3197C4AE6}.Debug|x64.Build.0 = Debug|Any CPU
		{D412B2E6-3FC0-4D38-AF72-0FF3197C4AE6}.Debug|x86.ActiveCfg = Debug|Any CPU
		{D412B2E6-3FC0-4D38-AF72-0FF3197C4AE6}.Debug|x86.Build.0 = Debug|Any CPU
		{D412B2E6-3FC0-4D38-AF72-0FF3197C4AE6}.Release|Any CPU.ActiveCfg = Release|Any CPU
		{D412B2E6-3FC0-4D38-AF72-0FF3197C4AE6}.Release|Any CPU.Build.0 = Release|Any CPU
		{D412B2E6-3FC0-4D38-AF72-0FF3197C4AE6}.Release|x64.ActiveCfg = Release|Any CPU
		{D412B2E6-3FC0-4D38-AF72-0FF3197C4AE6}.Release|x64.Build.0 = Release|Any CPU
		{D412B2E6-3FC0-4D38-AF72-0FF3197C4AE6}.Release|x86.ActiveCfg = Release|Any CPU
		{D412B2E6-3FC0-4D38-AF72-0FF3197C4AE6}.Release|x86.Build.0 = Release|Any CPU
		{DD095A85-CC4C-489D-966D-76453E25843A}.Debug|Any CPU.ActiveCfg = Debug|Any CPU
		{DD095A85-CC4C-489D-966D-76453E25843A}.Debug|Any CPU.Build.0 = Debug|Any CPU
		{DD095A85-CC4C-489D-966D-76453E25843A}.Debug|x64.ActiveCfg = Debug|Any CPU
		{DD095A85-CC4C-489D-966D-76453E25843A}.Debug|x64.Build.0 = Debug|Any CPU
		{DD095A85-CC4C-489D-966D-76453E25843A}.Debug|x86.ActiveCfg = Debug|Any CPU
		{DD095A85-CC4C-489D-966D-76453E25843A}.Debug|x86.Build.0 = Debug|Any CPU
		{DD095A85-CC4C-489D-966D-76453E25843A}.Release|Any CPU.ActiveCfg = Release|Any CPU
		{DD095A85-CC4C-489D-966D-76453E25843A}.Release|Any CPU.Build.0 = Release|Any CPU
		{DD095A85-CC4C-489D-966D-76453E25843A}.Release|x64.ActiveCfg = Release|Any CPU
		{DD095A85-CC4C-489D-966D-76453E25843A}.Release|x64.Build.0 = Release|Any CPU
		{DD095A85-CC4C-489D-966D-76453E25843A}.Release|x86.ActiveCfg = Release|Any CPU
		{DD095A85-CC4C-489D-966D-76453E25843A}.Release|x86.Build.0 = Release|Any CPU
		{DED172A5-96B9-4336-B8FB-18C4517BF3E3}.Debug|Any CPU.ActiveCfg = Debug|Any CPU
		{DED172A5-96B9-4336-B8FB-18C4517BF3E3}.Debug|Any CPU.Build.0 = Debug|Any CPU
		{DED172A5-96B9-4336-B8FB-18C4517BF3E3}.Debug|x64.ActiveCfg = Debug|Any CPU
		{DED172A5-96B9-4336-B8FB-18C4517BF3E3}.Debug|x64.Build.0 = Debug|Any CPU
		{DED172A5-96B9-4336-B8FB-18C4517BF3E3}.Debug|x86.ActiveCfg = Debug|Any CPU
		{DED172A5-96B9-4336-B8FB-18C4517BF3E3}.Debug|x86.Build.0 = Debug|Any CPU
		{DED172A5-96B9-4336-B8FB-18C4517BF3E3}.Release|Any CPU.ActiveCfg = Release|Any CPU
		{DED172A5-96B9-4336-B8FB-18C4517BF3E3}.Release|Any CPU.Build.0 = Release|Any CPU
		{DED172A5-96B9-4336-B8FB-18C4517BF3E3}.Release|x64.ActiveCfg = Release|Any CPU
		{DED172A5-96B9-4336-B8FB-18C4517BF3E3}.Release|x64.Build.0 = Release|Any CPU
		{DED172A5-96B9-4336-B8FB-18C4517BF3E3}.Release|x86.ActiveCfg = Release|Any CPU
		{DED172A5-96B9-4336-B8FB-18C4517BF3E3}.Release|x86.Build.0 = Release|Any CPU
	EndGlobalSection
EndGlobal
